{
  "lockfileVersion": 1,
  "workspaces": {
    "": {
      "name": "job-autoapply",
      "dependencies": {
        "@pdf-lib/fontkit": "^1.1.1",
        "pdf-lib": "^1.17.1",
        "pdfjs-dist": "^5.4.530",
      },
      "devDependencies": {
        "@biomejs/biome": "^1.9.4",
        "esbuild": "^0.24.0",
      },
    },
  },
  "packages": {
    "@biomejs/biome": ["@biomejs/biome@1.9.4", "", { "optionalDependencies": { "@biomejs/cli-darwin-arm64": "1.9.4", "@biomejs/cli-darwin-x64": "1.9.4", "@biomejs/cli-linux-arm64": "1.9.4", "@biomejs/cli-linux-arm64-musl": "1.9.4", "@biomejs/cli-linux-x64": "1.9.4", "@biomejs/cli-linux-x64-musl": "1.9.4", "@biomejs/cli-win32-arm64": "1.9.4", "@biomejs/cli-win32-x64": "1.9.4" }, "bin": { "biome": "bin/biome" } }, "sha512-1rkd7G70+o9KkTn5KLmDYXihGoTaIGO9PIIN2ZB7UJxFrWw04CZHPYiMRjYsaDvVV7hP1dYNRLxSANLaBFGpog=="],

    "@biomejs/cli-darwin-arm64": ["@biomejs/cli-darwin-arm64@1.9.4", "", { "os": "darwin", "cpu": "arm64" }, "sha512-bFBsPWrNvkdKrNCYeAp+xo2HecOGPAy9WyNyB/jKnnedgzl4W4Hb9ZMzYNbf8dMCGmUdSavlYHiR01QaYR58cw=="],

    "@biomejs/cli-darwin-x64": ["@biomejs/cli-darwin-x64@1.9.4", "", { "os": "darwin", "cpu": "x64" }, "sha512-ngYBh/+bEedqkSevPVhLP4QfVPCpb+4BBe2p7Xs32dBgs7rh9nY2AIYUL6BgLw1JVXV8GlpKmb/hNiuIxfPfZg=="],

    "@biomejs/cli-linux-arm64": ["@biomejs/cli-linux-arm64@1.9.4", "", { "os": "linux", "cpu": "arm64" }, "sha512-fJIW0+LYujdjUgJJuwesP4EjIBl/N/TcOX3IvIHJQNsAqvV2CHIogsmA94BPG6jZATS4Hi+xv4SkBBQSt1N4/g=="],

    "@biomejs/cli-linux-arm64-musl": ["@biomejs/cli-linux-arm64-musl@1.9.4", "", { "os": "linux", "cpu": "arm64" }, "sha512-v665Ct9WCRjGa8+kTr0CzApU0+XXtRgwmzIf1SeKSGAv+2scAlW6JR5PMFo6FzqqZ64Po79cKODKf3/AAmECqA=="],

    "@biomejs/cli-linux-x64": ["@biomejs/cli-linux-x64@1.9.4", "", { "os": "linux", "cpu": "x64" }, "sha512-lRCJv/Vi3Vlwmbd6K+oQ0KhLHMAysN8lXoCI7XeHlxaajk06u7G+UsFSO01NAs5iYuWKmVZjmiOzJ0OJmGsMwg=="],

    "@biomejs/cli-linux-x64-musl": ["@biomejs/cli-linux-x64-musl@1.9.4", "", { "os": "linux", "cpu": "x64" }, "sha512-gEhi/jSBhZ2m6wjV530Yy8+fNqG8PAinM3oV7CyO+6c3CEh16Eizm21uHVsyVBEB6RIM8JHIl6AGYCv6Q6Q9Tg=="],

    "@biomejs/cli-win32-arm64": ["@biomejs/cli-win32-arm64@1.9.4", "", { "os": "win32", "cpu": "arm64" }, "sha512-tlbhLk+WXZmgwoIKwHIHEBZUwxml7bRJgk0X2sPyNR3S93cdRq6XulAZRQJ17FYGGzWne0fgrXBKpl7l4M87Hg=="],

    "@biomejs/cli-win32-x64": ["@biomejs/cli-win32-x64@1.9.4", "", { "os": "win32", "cpu": "x64" }, "sha512-8Y5wMhVIPaWe6jw2H+KlEm4wP/f7EW3810ZLmDlrEEy5KvBsb9ECEfu/kMWD484ijfQ8+nIi0giMgu9g1UAuuA=="],

    "@esbuild/aix-ppc64": ["@esbuild/aix-ppc64@0.24.2", "", { "os": "aix", "cpu": "ppc64" }, "sha512-thpVCb/rhxE/BnMLQ7GReQLLN8q9qbHmI55F4489/ByVg2aQaQ6kbcLb6FHkocZzQhxc4gx0sCk0tJkKBFzDhA=="],

    "@esbuild/android-arm": ["@esbuild/android-arm@0.24.2", "", { "os": "android", "cpu": "arm" }, "sha512-tmwl4hJkCfNHwFB3nBa8z1Uy3ypZpxqxfTQOcHX+xRByyYgunVbZ9MzUUfb0RxaHIMnbHagwAxuTL+tnNM+1/Q=="],

    "@esbuild/android-arm64": ["@esbuild/android-arm64@0.24.2", "", { "os": "android", "cpu": "arm64" }, "sha512-cNLgeqCqV8WxfcTIOeL4OAtSmL8JjcN6m09XIgro1Wi7cF4t/THaWEa7eL5CMoMBdjoHOTh/vwTO/o2TRXIyzg=="],

    "@esbuild/android-x64": ["@esbuild/android-x64@0.24.2", "", { "os": "android", "cpu": "x64" }, "sha512-B6Q0YQDqMx9D7rvIcsXfmJfvUYLoP722bgfBlO5cGvNVb5V/+Y7nhBE3mHV9OpxBf4eAS2S68KZztiPaWq4XYw=="],

    "@esbuild/darwin-arm64": ["@esbuild/darwin-arm64@0.24.2", "", { "os": "darwin", "cpu": "arm64" }, "sha512-kj3AnYWc+CekmZnS5IPu9D+HWtUI49hbnyqk0FLEJDbzCIQt7hg7ucF1SQAilhtYpIujfaHr6O0UHlzzSPdOeA=="],

    "@esbuild/darwin-x64": ["@esbuild/darwin-x64@0.24.2", "", { "os": "darwin", "cpu": "x64" }, "sha512-WeSrmwwHaPkNR5H3yYfowhZcbriGqooyu3zI/3GGpF8AyUdsrrP0X6KumITGA9WOyiJavnGZUwPGvxvwfWPHIA=="],

    "@esbuild/freebsd-arm64": ["@esbuild/freebsd-arm64@0.24.2", "", { "os": "freebsd", "cpu": "arm64" }, "sha512-UN8HXjtJ0k/Mj6a9+5u6+2eZ2ERD7Edt1Q9IZiB5UZAIdPnVKDoG7mdTVGhHJIeEml60JteamR3qhsr1r8gXvg=="],

    "@esbuild/freebsd-x64": ["@esbuild/freebsd-x64@0.24.2", "", { "os": "freebsd", "cpu": "x64" }, "sha512-TvW7wE/89PYW+IevEJXZ5sF6gJRDY/14hyIGFXdIucxCsbRmLUcjseQu1SyTko+2idmCw94TgyaEZi9HUSOe3Q=="],

    "@esbuild/linux-arm": ["@esbuild/linux-arm@0.24.2", "", { "os": "linux", "cpu": "arm" }, "sha512-n0WRM/gWIdU29J57hJyUdIsk0WarGd6To0s+Y+LwvlC55wt+GT/OgkwoXCXvIue1i1sSNWblHEig00GBWiJgfA=="],

    "@esbuild/linux-arm64": ["@esbuild/linux-arm64@0.24.2", "", { "os": "linux", "cpu": "arm64" }, "sha512-7HnAD6074BW43YvvUmE/35Id9/NB7BeX5EoNkK9obndmZBUk8xmJJeU7DwmUeN7tkysslb2eSl6CTrYz6oEMQg=="],

    "@esbuild/linux-ia32": ["@esbuild/linux-ia32@0.24.2", "", { "os": "linux", "cpu": "ia32" }, "sha512-sfv0tGPQhcZOgTKO3oBE9xpHuUqguHvSo4jl+wjnKwFpapx+vUDcawbwPNuBIAYdRAvIDBfZVvXprIj3HA+Ugw=="],

    "@esbuild/linux-loong64": ["@esbuild/linux-loong64@0.24.2", "", { "os": "linux", "cpu": "none" }, "sha512-CN9AZr8kEndGooS35ntToZLTQLHEjtVB5n7dl8ZcTZMonJ7CCfStrYhrzF97eAecqVbVJ7APOEe18RPI4KLhwQ=="],

    "@esbuild/linux-mips64el": ["@esbuild/linux-mips64el@0.24.2", "", { "os": "linux", "cpu": "none" }, "sha512-iMkk7qr/wl3exJATwkISxI7kTcmHKE+BlymIAbHO8xanq/TjHaaVThFF6ipWzPHryoFsesNQJPE/3wFJw4+huw=="],

    "@esbuild/linux-ppc64": ["@esbuild/linux-ppc64@0.24.2", "", { "os": "linux", "cpu": "ppc64" }, "sha512-shsVrgCZ57Vr2L8mm39kO5PPIb+843FStGt7sGGoqiiWYconSxwTiuswC1VJZLCjNiMLAMh34jg4VSEQb+iEbw=="],

    "@esbuild/linux-riscv64": ["@esbuild/linux-riscv64@0.24.2", "", { "os": "linux", "cpu": "none" }, "sha512-4eSFWnU9Hhd68fW16GD0TINewo1L6dRrB+oLNNbYyMUAeOD2yCK5KXGK1GH4qD/kT+bTEXjsyTCiJGHPZ3eM9Q=="],

    "@esbuild/linux-s390x": ["@esbuild/linux-s390x@0.24.2", "", { "os": "linux", "cpu": "s390x" }, "sha512-S0Bh0A53b0YHL2XEXC20bHLuGMOhFDO6GN4b3YjRLK//Ep3ql3erpNcPlEFed93hsQAjAQDNsvcK+hV90FubSw=="],

    "@esbuild/linux-x64": ["@esbuild/linux-x64@0.24.2", "", { "os": "linux", "cpu": "x64" }, "sha512-8Qi4nQcCTbLnK9WoMjdC9NiTG6/E38RNICU6sUNqK0QFxCYgoARqVqxdFmWkdonVsvGqWhmm7MO0jyTqLqwj0Q=="],

    "@esbuild/netbsd-arm64": ["@esbuild/netbsd-arm64@0.24.2", "", { "os": "none", "cpu": "arm64" }, "sha512-wuLK/VztRRpMt9zyHSazyCVdCXlpHkKm34WUyinD2lzK07FAHTq0KQvZZlXikNWkDGoT6x3TD51jKQ7gMVpopw=="],

    "@esbuild/netbsd-x64": ["@esbuild/netbsd-x64@0.24.2", "", { "os": "none", "cpu": "x64" }, "sha512-VefFaQUc4FMmJuAxmIHgUmfNiLXY438XrL4GDNV1Y1H/RW3qow68xTwjZKfj/+Plp9NANmzbH5R40Meudu8mmw=="],

    "@esbuild/openbsd-arm64": ["@esbuild/openbsd-arm64@0.24.2", "", { "os": "openbsd", "cpu": "arm64" }, "sha512-YQbi46SBct6iKnszhSvdluqDmxCJA+Pu280Av9WICNwQmMxV7nLRHZfjQzwbPs3jeWnuAhE9Jy0NrnJ12Oz+0A=="],

    "@esbuild/openbsd-x64": ["@esbuild/openbsd-x64@0.24.2", "", { "os": "openbsd", "cpu": "x64" }, "sha512-+iDS6zpNM6EnJyWv0bMGLWSWeXGN/HTaF/LXHXHwejGsVi+ooqDfMCCTerNFxEkM3wYVcExkeGXNqshc9iMaOA=="],

    "@esbuild/sunos-x64": ["@esbuild/sunos-x64@0.24.2", "", { "os": "sunos", "cpu": "x64" }, "sha512-hTdsW27jcktEvpwNHJU4ZwWFGkz2zRJUz8pvddmXPtXDzVKTTINmlmga3ZzwcuMpUvLw7JkLy9QLKyGpD2Yxig=="],

    "@esbuild/win32-arm64": ["@esbuild/win32-arm64@0.24.2", "", { "os": "win32", "cpu": "arm64" }, "sha512-LihEQ2BBKVFLOC9ZItT9iFprsE9tqjDjnbulhHoFxYQtQfai7qfluVODIYxt1PgdoyQkz23+01rzwNwYfutxUQ=="],

    "@esbuild/win32-ia32": ["@esbuild/win32-ia32@0.24.2", "", { "os": "win32", "cpu": "ia32" }, "sha512-q+iGUwfs8tncmFC9pcnD5IvRHAzmbwQ3GPS5/ceCyHdjXubwQWI12MKWSNSMYLJMq23/IUCvJMS76PDqXe1fxA=="],

    "@esbuild/win32-x64": ["@esbuild/win32-x64@0.24.2", "", { "os": "win32", "cpu": "x64" }, "sha512-7VTgWzgMGvup6aSqDPLiW5zHaxYJGTO4OokMjIlrCtf+VpEL+cXKtCvg723iguPYI5oaUNdS+/V7OU2gvXVWEg=="],

    "@napi-rs/canvas": ["@napi-rs/canvas@0.1.88", "", { "optionalDependencies": { "@napi-rs/canvas-android-arm64": "0.1.88", "@napi-rs/canvas-darwin-arm64": "0.1.88", "@napi-rs/canvas-darwin-x64": "0.1.88", "@napi-rs/canvas-linux-arm-gnueabihf": "0.1.88", "@napi-rs/canvas-linux-arm64-gnu": "0.1.88", "@napi-rs/canvas-linux-arm64-musl": "0.1.88", "@napi-rs/canvas-linux-riscv64-gnu": "0.1.88", "@napi-rs/canvas-linux-x64-gnu": "0.1.88", "@napi-rs/canvas-linux-x64-musl": "0.1.88", "@napi-rs/canvas-win32-arm64-msvc": "0.1.88", "@napi-rs/canvas-win32-x64-msvc": "0.1.88" } }, "sha512-/p08f93LEbsL5mDZFQ3DBxcPv/I4QG9EDYRRq1WNlCOXVfAHBTHMSVMwxlqG/AtnSfUr9+vgfN7MKiyDo0+Weg=="],

    "@napi-rs/canvas-android-arm64": ["@napi-rs/canvas-android-arm64@0.1.88", "", { "os": "android", "cpu": "arm64" }, "sha512-KEaClPnZuVxJ8smUWjV1wWFkByBO/D+vy4lN+Dm5DFH514oqwukxKGeck9xcKJhaWJGjfruGmYGiwRe//+/zQQ=="],

    "@napi-rs/canvas-darwin-arm64": ["@napi-rs/canvas-darwin-arm64@0.1.88", "", { "os": "darwin", "cpu": "arm64" }, "sha512-Xgywz0dDxOKSgx3eZnK85WgGMmGrQEW7ZLA/E7raZdlEE+xXCozobgqz2ZvYigpB6DJFYkqnwHjqCOTSDGlFdg=="],

    "@napi-rs/canvas-darwin-x64": ["@napi-rs/canvas-darwin-x64@0.1.88", "", { "os": "darwin", "cpu": "x64" }, "sha512-Yz4wSCIQOUgNucgk+8NFtQxQxZV5NO8VKRl9ePKE6XoNyNVC8JDqtvhh3b3TPqKK8W5p2EQpAr1rjjm0mfBxdg=="],

    "@napi-rs/canvas-linux-arm-gnueabihf": ["@napi-rs/canvas-linux-arm-gnueabihf@0.1.88", "", { "os": "linux", "cpu": "arm" }, "sha512-9gQM2SlTo76hYhxHi2XxWTAqpTOb+JtxMPEIr+H5nAhHhyEtNmTSDRtz93SP7mGd2G3Ojf2oF5tP9OdgtgXyKg=="],

    "@napi-rs/canvas-linux-arm64-gnu": ["@napi-rs/canvas-linux-arm64-gnu@0.1.88", "", { "os": "linux", "cpu": "arm64" }, "sha512-7qgaOBMXuVRk9Fzztzr3BchQKXDxGbY+nwsovD3I/Sx81e+sX0ReEDYHTItNb0Je4NHbAl7D0MKyd4SvUc04sg=="],

    "@napi-rs/canvas-linux-arm64-musl": ["@napi-rs/canvas-linux-arm64-musl@0.1.88", "", { "os": "linux", "cpu": "arm64" }, "sha512-kYyNrUsHLkoGHBc77u4Unh067GrfiCUMbGHC2+OTxbeWfZkPt2o32UOQkhnSswKd9Fko/wSqqGkY956bIUzruA=="],

    "@napi-rs/canvas-linux-riscv64-gnu": ["@napi-rs/canvas-linux-riscv64-gnu@0.1.88", "", { "os": "linux", "cpu": "none" }, "sha512-HVuH7QgzB0yavYdNZDRyAsn/ejoXB0hn8twwFnOqUbCCdkV+REna7RXjSR7+PdfW0qMQ2YYWsLvVBT5iL/mGpw=="],

    "@napi-rs/canvas-linux-x64-gnu": ["@napi-rs/canvas-linux-x64-gnu@0.1.88", "", { "os": "linux", "cpu": "x64" }, "sha512-hvcvKIcPEQrvvJtJnwD35B3qk6umFJ8dFIr8bSymfrSMem0EQsfn1ztys8ETIFndTwdNWJKWluvxztA41ivsEw=="],

    "@napi-rs/canvas-linux-x64-musl": ["@napi-rs/canvas-linux-x64-musl@0.1.88", "", { "os": "linux", "cpu": "x64" }, "sha512-eSMpGYY2xnZSQ6UxYJ6plDboxq4KeJ4zT5HaVkUnbObNN6DlbJe0Mclh3wifAmquXfrlgTZt6zhHsUgz++AK6g=="],

    "@napi-rs/canvas-win32-arm64-msvc": ["@napi-rs/canvas-win32-arm64-msvc@0.1.88", "", { "os": "win32", "cpu": "arm64" }, "sha512-qcIFfEgHrchyYqRrxsCeTQgpJZ/GqHiqPcU/Fvw/ARVlQeDX1VyFH+X+0gCR2tca6UJrq96vnW+5o7buCq+erA=="],

    "@napi-rs/canvas-win32-x64-msvc": ["@napi-rs/canvas-win32-x64-msvc@0.1.88", "", { "os": "win32", "cpu": "x64" }, "sha512-ROVqbfS4QyZxYkqmaIBBpbz/BQvAR+05FXM5PAtTYVc0uyY8Y4BHJSMdGAaMf6TdIVRsQsiq+FG/dH9XhvWCFQ=="],

    "@pdf-lib/fontkit": ["@pdf-lib/fontkit@1.1.1", "", { "dependencies": { "pako": "^1.0.6" } }, "sha512-KjMd7grNapIWS/Dm0gvfHEilSyAmeLvrEGVcqLGi0VYebuqqzTbgF29efCx7tvx+IEbG3zQciRSWl3GkUSvjZg=="],

    "@pdf-lib/standard-fonts": ["@pdf-lib/standard-fonts@1.0.0", "", { "dependencies": { "pako": "^1.0.6" } }, "sha512-hU30BK9IUN/su0Mn9VdlVKsWBS6GyhVfqjwl1FjZN4TxP6cCw0jP2w7V3Hf5uX7M0AZJ16vey9yE0ny7Sa59ZA=="],

    "@pdf-lib/upng": ["@pdf-lib/upng@1.0.1", "", { "dependencies": { "pako": "^1.0.10" } }, "sha512-dQK2FUMQtowVP00mtIksrlZhdFXQZPC+taih1q4CvPZ5vqdxR/LKBaFg0oAfzd1GlHZXXSPdQfzQnt+ViGvEIQ=="],

    "esbuild": ["esbuild@0.24.2", "", { "optionalDependencies": { "@esbuild/aix-ppc64": "0.24.2", "@esbuild/android-arm": "0.24.2", "@esbuild/android-arm64": "0.24.2", "@esbuild/android-x64": "0.24.2", "@esbuild/darwin-arm64": "0.24.2", "@esbuild/darwin-x64": "0.24.2", "@esbuild/freebsd-arm64": "0.24.2", "@esbuild/freebsd-x64": "0.24.2", "@esbuild/linux-arm": "0.24.2", "@esbuild/linux-arm64": "0.24.2", "@esbuild/linux-ia32": "0.24.2", "@esbuild/linux-loong64": "0.24.2", "@esbuild/linux-mips64el": "0.24.2", "@esbuild/linux-ppc64": "0.24.2", "@esbuild/linux-riscv64": "0.24.2", "@esbuild/linux-s390x": "0.24.2", "@esbuild/linux-x64": "0.24.2", "@esbuild/netbsd-arm64": "0.24.2", "@esbuild/netbsd-x64": "0.24.2", "@esbuild/openbsd-arm64": "0.24.2", "@esbuild/openbsd-x64": "0.24.2", "@esbuild/sunos-x64": "0.24.2", "@esbuild/win32-arm64": "0.24.2", "@esbuild/win32-ia32": "0.24.2", "@esbuild/win32-x64": "0.24.2" }, "bin": { "esbuild": "bin/esbuild" } }, "sha512-+9egpBW8I3CD5XPe0n6BfT5fxLzxrlDzqydF3aviG+9ni1lDC/OvMHcxqEFV0+LANZG5R1bFMWfUrjVsdwxJvA=="],

    "pako": ["pako@1.0.11", "", {}, "sha512-4hLB8Py4zZce5s4yd9XzopqwVv/yGNhV1Bl8NTmCq1763HeK2+EwVTv+leGeL13Dnh2wfbqowVPXCIO0z4taYw=="],

    "pdf-lib": ["pdf-lib@1.17.1", "", { "dependencies": { "@pdf-lib/standard-fonts": "^1.0.0", "@pdf-lib/upng": "^1.0.1", "pako": "^1.0.11", "tslib": "^1.11.1" } }, "sha512-V/mpyJAoTsN4cnP31vc0wfNA1+p20evqqnap0KLoRUN0Yk/p3wN52DOEsL4oBFcLdb76hlpKPtzJIgo67j/XLw=="],

    "pdfjs-dist": ["pdfjs-dist@5.4.530", "", { "optionalDependencies": { "@napi-rs/canvas": "^0.1.84" } }, "sha512-r1hWsSIGGmyYUAHR26zSXkxYWLXLMd6AwqcaFYG9YUZ0GBf5GvcjJSeo512tabM4GYFhxhl5pMCmPr7Q72Rq2Q=="],

    "tslib": ["tslib@1.14.1", "", {}, "sha512-Xni35NKzjgMrwevysHTCArtLDpPvye8zV/0E4EyYn43P7/7qvQwPh9BGkHewbMulVntbigmcT7rdX3BNo9wRJg=="],
  }
}
